
Microsoft Visual Studio Solution File, Format Version 12.00
# Visual Studio Version 17
VisualStudioVersion = 17.0.32126.317
MinimumVisualStudioVersion = 10.0.40219.1
Project("{2150E333-8FDC-42A3-9474-1A3956D46DE8}") = "Doc", "Doc", "{6D9A16F7-D727-4462-8DA4-F95C1E0FA611}"
	ProjectSection(SolutionItems) = preProject
		Doc\License_Installation_Dialog.txt = Doc\License_Installation_Dialog.txt
		README.md = README.md
		Doc\Read_Me.txt = Doc\Read_Me.txt
	EndProjectSection
EndProject
Project("{2150E333-8FDC-42A3-9474-1A3956D46DE8}") = "Images", "Images", "{3E574888-51C4-4564-A102-F69C47E836DA}"
	ProjectSection(SolutionItems) = preProject
		Images\Installation_Banner.bmp = Images\Installation_Banner.bmp
	EndProjectSection
EndProject
Project("{FAE04EC0-301F-11D3-BF4B-00C04F79EFBC}") = "WeedKiller", "WeedKiller\WeedKiller.csproj", "{BC9120A6-EB96-4E13-8A79-BEB9095563D6}"
EndProject
Project("{FAE04EC0-301F-11D3-BF4B-00C04F79EFBC}") = "WeedKillerWorker", "WeedKillerWorker\WeedKillerWorker.csproj", "{F19A34AF-EB84-4C87-9103-DD7E3E19FA9E}"
EndProject
Project("{FAE04EC0-301F-11D3-BF4B-00C04F79EFBC}") = "WeedKillerManager", "WeedKillerManager\WeedKillerManager.csproj", "{8665F61C-EA0F-451A-9E64-900C069B6CCA}"
EndProject
Project("{FAE04EC0-301F-11D3-BF4B-00C04F79EFBC}") = "WeedKillerDevExample", "WeedKillerDevExample\WeedKillerDevExample.csproj", "{CF9E24E4-9872-4C04-B9A2-75D0884A021F}"
EndProject
Project("{2150E333-8FDC-42A3-9474-1A3956D46DE8}") = "_Installers", "_Installers", "{FB37D0D4-E8C3-4C0D-BE53-94A1B534DD48}"
EndProject
Project("{930C7802-8A8C-48F9-8165-68863BCCD9DD}") = "WeedKillerManager_Installer", "WeedKillerManager_Installer\WeedKillerManager_Installer.wixproj", "{26ACAF82-FC27-4576-8BD1-D7998FC19995}"
EndProject
Project("{930C7802-8A8C-48F9-8165-68863BCCD9DD}") = "WeedKillerWorker_Installer", "WeedKillerWorker_Installer\WeedKillerWorker_Installer.wixproj", "{14647396-C61F-4D50-AC91-A33BE706B3BB}"
EndProject
Project("{2150E333-8FDC-42A3-9474-1A3956D46DE8}") = ".github", ".github", "{F6756100-5200-4AD1-8329-80E1F5049A1B}"
EndProject
Project("{2150E333-8FDC-42A3-9474-1A3956D46DE8}") = "workflows", "workflows", "{F87D0038-13FC-42CB-BC58-039924BB18C8}"
	ProjectSection(SolutionItems) = preProject
		.github\workflows\dotnet.yml = .github\workflows\dotnet.yml
	EndProjectSection
EndProject
Global
	GlobalSection(SolutionConfigurationPlatforms) = preSolution
		Debug|Any CPU = Debug|Any CPU
		Debug|x86 = Debug|x86
		Release|Any CPU = Release|Any CPU
		Release|x86 = Release|x86
	EndGlobalSection
	GlobalSection(ProjectConfigurationPlatforms) = postSolution
		{BC9120A6-EB96-4E13-8A79-BEB9095563D6}.Debug|Any CPU.ActiveCfg = Debug|Any CPU
		{BC9120A6-EB96-4E13-8A79-BEB9095563D6}.Debug|Any CPU.Build.0 = Debug|Any CPU
		{BC9120A6-EB96-4E13-8A79-BEB9095563D6}.Debug|x86.ActiveCfg = Debug|Any CPU
		{BC9120A6-EB96-4E13-8A79-BEB9095563D6}.Debug|x86.Build.0 = Debug|Any CPU
		{BC9120A6-EB96-4E13-8A79-BEB9095563D6}.Release|Any CPU.ActiveCfg = Release|Any CPU
		{BC9120A6-EB96-4E13-8A79-BEB9095563D6}.Release|Any CPU.Build.0 = Release|Any CPU
		{BC9120A6-EB96-4E13-8A79-BEB9095563D6}.Release|x86.ActiveCfg = Release|Any CPU
		{BC9120A6-EB96-4E13-8A79-BEB9095563D6}.Release|x86.Build.0 = Release|Any CPU
		{F19A34AF-EB84-4C87-9103-DD7E3E19FA9E}.Debug|Any CPU.ActiveCfg = Debug|Any CPU
		{F19A34AF-EB84-4C87-9103-DD7E3E19FA9E}.Debug|Any CPU.Build.0 = Debug|Any CPU
		{F19A34AF-EB84-4C87-9103-DD7E3E19FA9E}.Debug|x86.ActiveCfg = Debug|Any CPU
		{F19A34AF-EB84-4C87-9103-DD7E3E19FA9E}.Debug|x86.Build.0 = Debug|Any CPU
		{F19A34AF-EB84-4C87-9103-DD7E3E19FA9E}.Release|Any CPU.ActiveCfg = Release|Any CPU
		{F19A34AF-EB84-4C87-9103-DD7E3E19FA9E}.Release|Any CPU.Build.0 = Release|Any CPU
		{F19A34AF-EB84-4C87-9103-DD7E3E19FA9E}.Release|x86.ActiveCfg = Release|Any CPU
		{F19A34AF-EB84-4C87-9103-DD7E3E19FA9E}.Release|x86.Build.0 = Release|Any CPU
		{8665F61C-EA0F-451A-9E64-900C069B6CCA}.Debug|Any CPU.ActiveCfg = Debug|Any CPU
		{8665F61C-EA0F-451A-9E64-900C069B6CCA}.Debug|Any CPU.Build.0 = Debug|Any CPU
		{8665F61C-EA0F-451A-9E64-900C069B6CCA}.Debug|x86.ActiveCfg = Debug|Any CPU
		{8665F61C-EA0F-451A-9E64-900C069B6CCA}.Debug|x86.Build.0 = Debug|Any CPU
		{8665F61C-EA0F-451A-9E64-900C069B6CCA}.Release|Any CPU.ActiveCfg = Release|Any CPU
		{8665F61C-EA0F-451A-9E64-900C069B6CCA}.Release|Any CPU.Build.0 = Release|Any CPU
		{8665F61C-EA0F-451A-9E64-900C069B6CCA}.Release|x86.ActiveCfg = Release|Any CPU
		{8665F61C-EA0F-451A-9E64-900C069B6CCA}.Release|x86.Build.0 = Release|Any CPU
		{CF9E24E4-9872-4C04-B9A2-75D0884A021F}.Debug|Any CPU.ActiveCfg = Debug|Any CPU
		{CF9E24E4-9872-4C04-B9A2-75D0884A021F}.Debug|Any CPU.Build.0 = Debug|Any CPU
		{CF9E24E4-9872-4C04-B9A2-75D0884A021F}.Debug|x86.ActiveCfg = Debug|Any CPU
		{CF9E24E4-9872-4C04-B9A2-75D0884A021F}.Debug|x86.Build.0 = Debug|Any CPU
		{CF9E24E4-9872-4C04-B9A2-75D0884A021F}.Release|Any CPU.ActiveCfg = Release|Any CPU
		{CF9E24E4-9872-4C04-B9A2-75D0884A021F}.Release|Any CPU.Build.0 = Release|Any CPU
		{CF9E24E4-9872-4C04-B9A2-75D0884A021F}.Release|x86.ActiveCfg = Release|Any CPU
		{CF9E24E4-9872-4C04-B9A2-75D0884A021F}.Release|x86.Build.0 = Release|Any CPU
		{26ACAF82-FC27-4576-8BD1-D7998FC19995}.Debug|Any CPU.ActiveCfg = Debug|x86
		{26ACAF82-FC27-4576-8BD1-D7998FC19995}.Debug|Any CPU.Build.0 = Debug|x86
		{26ACAF82-FC27-4576-8BD1-D7998FC19995}.Debug|x86.ActiveCfg = Debug|x86
		{26ACAF82-FC27-4576-8BD1-D7998FC19995}.Debug|x86.Build.0 = Debug|x86
		{26ACAF82-FC27-4576-8BD1-D7998FC19995}.Release|Any CPU.ActiveCfg = Release|x86
		{26ACAF82-FC27-4576-8BD1-D7998FC19995}.Release|Any CPU.Build.0 = Release|x86
		{26ACAF82-FC27-4576-8BD1-D7998FC19995}.Release|x86.ActiveCfg = Release|x86
		{26ACAF82-FC27-4576-8BD1-D7998FC19995}.Release|x86.Build.0 = Release|x86
		{14647396-C61F-4D50-AC91-A33BE706B3BB}.Debug|Any CPU.ActiveCfg = Debug|x86
		{14647396-C61F-4D50-AC91-A33BE706B3BB}.Debug|Any CPU.Build.0 = Debug|x86
		{14647396-C61F-4D50-AC91-A33BE706B3BB}.Debug|x86.ActiveCfg = Debug|x86
		{14647396-C61F-4D50-AC91-A33BE706B3BB}.Debug|x86.Build.0 = Debug|x86
		{14647396-C61F-4D50-AC91-A33BE706B3BB}.Release|Any CPU.ActiveCfg = Release|x86
		{14647396-C61F-4D50-AC91-A33BE706B3BB}.Release|Any CPU.Build.0 = Release|x86
		{14647396-C61F-4D50-AC91-A33BE706B3BB}.Release|x86.ActiveCfg = Release|x86
		{14647396-C61F-4D50-AC91-A33BE706B3BB}.Release|x86.Build.0 = Release|x86
	EndGlobalSection
	GlobalSection(SolutionProperties) = preSolution
		HideSolutionNode = FALSE
	EndGlobalSection
	GlobalSection(NestedProjects) = preSolution
		{26ACAF82-FC27-4576-8BD1-D7998FC19995} = {FB37D0D4-E8C3-4C0D-BE53-94A1B534DD48}
		{14647396-C61F-4D50-AC91-A33BE706B3BB} = {FB37D0D4-E8C3-4C0D-BE53-94A1B534DD48}
		{F87D0038-13FC-42CB-BC58-039924BB18C8} = {F6756100-5200-4AD1-8329-80E1F5049A1B}
	EndGlobalSection
	GlobalSection(ExtensibilityGlobals) = postSolution
		SolutionGuid = {F297E648-71C0-4A92-8402-2865B2FDB9F8}
	EndGlobalSection
	GlobalSection(SubversionScc) = preSolution
		Svn-Managed = True
		Manager = AnkhSVN - Subversion Support for Visual Studio
	EndGlobalSection
EndGlobal
